
Microsoft Visual Studio Solution File, Format Version 12.00
# Visual Studio Version 16
VisualStudioVersion = 16.0.30406.217
MinimumVisualStudioVersion = 10.0.40219.1
Project("{888888A0-9F3D-457C-B088-3A5042F75D52}") = "IronPython_Test", "IronPython_Test.pyproj", "{B4F53867-154D-4A02-B149-5FCC83CB0038}"
EndProject
Global
	GlobalSection(SolutionConfigurationPlatforms) = preSolution
		Debug|Any CPU = Debug|Any CPU
		Release|Any CPU = Release|Any CPU
	EndGlobalSection
	GlobalSection(ProjectConfigurationPlatforms) = postSolution
		{B4F53867-154D-4A02-B149-5FCC83CB0038}.Debug|Any CPU.ActiveCfg = Debug|Any CPU
		{B4F53867-154D-4A02-B149-5FCC83CB0038}.Release|Any CPU.ActiveCfg = Release|Any CPU
	EndGlobalSection
	GlobalSection(SolutionProperties) = preSolution
		HideSolutionNode = FALSE
	EndGlobalSection
	GlobalSection(ExtensibilityGlobals) = postSolution
		SolutionGuid = {863BA51C-FDA9-439B-8BAA-040903EA9897}
	EndGlobalSection
EndGlobal
